
Microsoft Visual Studio Solution File, Format Version 12.00
# Visual Studio Version 17
VisualStudioVersion = 17.14.36414.22
MinimumVisualStudioVersion = 10.0.40219.1
Project("{FAE04EC0-301F-11D3-BF4B-00C04F79EFBC}") = "Biblioteca_Api", "Biblioteca.Api\Biblioteca_Api.csproj", "{D593D400-9E12-4DA8-B2F4-2C7E3E0F24E8}"
EndProject
Global
	GlobalSection(SolutionConfigurationPlatforms) = preSolution
		Debug|Any CPU = Debug|Any CPU
		Release|Any CPU = Release|Any CPU
	EndGlobalSection
	GlobalSection(ProjectConfigurationPlatforms) = postSolution
		{D593D400-9E12-4DA8-B2F4-2C7E3E0F24E8}.Debug|Any CPU.ActiveCfg = Debug|Any CPU
		{D593D400-9E12-4DA8-B2F4-2C7E3E0F24E8}.Debug|Any CPU.Build.0 = Debug|Any CPU
		{D593D400-9E12-4DA8-B2F4-2C7E3E0F24E8}.Release|Any CPU.ActiveCfg = Release|Any CPU
		{D593D400-9E12-4DA8-B2F4-2C7E3E0F24E8}.Release|Any CPU.Build.0 = Release|Any CPU
	EndGlobalSection
	GlobalSection(SolutionProperties) = preSolution
		HideSolutionNode = FALSE
	EndGlobalSection
	GlobalSection(ExtensibilityGlobals) = postSolution
		SolutionGuid = {B3392654-7F46-4689-A658-FEBE0F8AC55A}
	EndGlobalSection
EndGlobal
